
Microsoft Visual Studio Solution File, Format Version 12.00
# Visual Studio 15
VisualStudioVersion = 15.0.28307.757
MinimumVisualStudioVersion = 10.0.40219.1
Project("{9A19103F-16F7-4668-BE54-9A1E7A4F7556}") = "PizzaOrderEngine", "PizzaOrderEngine\PizzaOrderEngine.csproj", "{5F0FAA1D-9859-42EF-B624-27855A50407A}"
EndProject
Project("{FAE04EC0-301F-11D3-BF4B-00C04F79EFBC}") = "PizzaOrderEngine.Tests", "PizzaOrderEngine.Tests\PizzaOrderEngine.Tests.csproj", "{89DE5BDE-C292-46B2-A660-AFE43FBC1724}"
EndProject
Global
	GlobalSection(SolutionConfigurationPlatforms) = preSolution
		Debug|Any CPU = Debug|Any CPU
		Release|Any CPU = Release|Any CPU
	EndGlobalSection
	GlobalSection(ProjectConfigurationPlatforms) = postSolution
		{5F0FAA1D-9859-42EF-B624-27855A50407A}.Debug|Any CPU.ActiveCfg = Debug|Any CPU
		{5F0FAA1D-9859-42EF-B624-27855A50407A}.Debug|Any CPU.Build.0 = Debug|Any CPU
		{5F0FAA1D-9859-42EF-B624-27855A50407A}.Release|Any CPU.ActiveCfg = Release|Any CPU
		{5F0FAA1D-9859-42EF-B624-27855A50407A}.Release|Any CPU.Build.0 = Release|Any CPU
		{89DE5BDE-C292-46B2-A660-AFE43FBC1724}.Debug|Any CPU.ActiveCfg = Debug|Any CPU
		{89DE5BDE-C292-46B2-A660-AFE43FBC1724}.Debug|Any CPU.Build.0 = Debug|Any CPU
		{89DE5BDE-C292-46B2-A660-AFE43FBC1724}.Release|Any CPU.ActiveCfg = Release|Any CPU
		{89DE5BDE-C292-46B2-A660-AFE43FBC1724}.Release|Any CPU.Build.0 = Release|Any CPU
	EndGlobalSection
	GlobalSection(SolutionProperties) = preSolution
		HideSolutionNode = FALSE
	EndGlobalSection
	GlobalSection(ExtensibilityGlobals) = postSolution
		SolutionGuid = {8F0EAC65-75BE-415D-BB3F-78DE60962B42}
	EndGlobalSection
EndGlobal
